
Microsoft Visual Studio Solution File, Format Version 12.00
# Visual Studio 2012
Project("{2150E333-8FDC-42A3-9474-1A3956D46DE8}") = "Solution Items", "Solution Items", "{FBEE879B-01E7-4F6F-A077-66BD9A155CE8}"
	ProjectSection(SolutionItems) = preProject
		LICENSE.txt = LICENSE.txt
		README.md = README.md
	EndProjectSection
EndProject
Project("{FAE04EC0-301F-11D3-BF4B-00C04F79EFBC}") = "CreateCharacterTest", "src\CreateCharacterTest\CreateCharacterTest.csproj", "{A6C21C77-6301-4B4F-B878-AA9202D996D1}"
EndProject
Project("{FAE04EC0-301F-11D3-BF4B-00C04F79EFBC}") = "GammaWorldCharacter", "src\GammaWorldCharacter\GammaWorldCharacter.csproj", "{F04BACFC-B804-40DD-B0B7-B66DD910A751}"
EndProject
Project("{FAE04EC0-301F-11D3-BF4B-00C04F79EFBC}") = "GammaWorldCharacter.Samples", "src\GammaWorldCharacter.Samples\GammaWorldCharacter.Samples.csproj", "{394D4097-4AF0-40AF-87D3-3FC8CCE73D13}"
EndProject
Project("{FAE04EC0-301F-11D3-BF4B-00C04F79EFBC}") = "GammaWorldCharacter.Test.Integration", "src\GammaWorldCharacter.Test.Integration\GammaWorldCharacter.Test.Integration.csproj", "{B5B0AAAA-4630-4F32-9F82-F6CE1C3CB13C}"
EndProject
Project("{FAE04EC0-301F-11D3-BF4B-00C04F79EFBC}") = "GammaWorldCharacter.Test.Unit", "src\GammaWorldCharacter.Test.Unit\GammaWorldCharacter.Test.Unit.csproj", "{4F03F3A5-A2F0-42A3-BEAA-265CED7BB93A}"
EndProject
Project("{FAE04EC0-301F-11D3-BF4B-00C04F79EFBC}") = "GammaWorldCharacterViewer", "src\GammaWorldCharacterViewer\GammaWorldCharacterViewer.csproj", "{826DE251-A85C-4D6A-980D-68CED16C63B4}"
EndProject
Global
	GlobalSection(SolutionConfigurationPlatforms) = preSolution
		Debug|Any CPU = Debug|Any CPU
		Debug|Mixed Platforms = Debug|Mixed Platforms
		Debug|x86 = Debug|x86
		Release|Any CPU = Release|Any CPU
		Release|Mixed Platforms = Release|Mixed Platforms
		Release|x86 = Release|x86
	EndGlobalSection
	GlobalSection(ProjectConfigurationPlatforms) = postSolution
		{A6C21C77-6301-4B4F-B878-AA9202D996D1}.Debug|Any CPU.ActiveCfg = Debug|x86
		{A6C21C77-6301-4B4F-B878-AA9202D996D1}.Debug|Mixed Platforms.ActiveCfg = Debug|x86
		{A6C21C77-6301-4B4F-B878-AA9202D996D1}.Debug|Mixed Platforms.Build.0 = Debug|x86
		{A6C21C77-6301-4B4F-B878-AA9202D996D1}.Debug|x86.ActiveCfg = Debug|x86
		{A6C21C77-6301-4B4F-B878-AA9202D996D1}.Debug|x86.Build.0 = Debug|x86
		{A6C21C77-6301-4B4F-B878-AA9202D996D1}.Release|Any CPU.ActiveCfg = Release|x86
		{A6C21C77-6301-4B4F-B878-AA9202D996D1}.Release|Mixed Platforms.ActiveCfg = Release|x86
		{A6C21C77-6301-4B4F-B878-AA9202D996D1}.Release|Mixed Platforms.Build.0 = Release|x86
		{A6C21C77-6301-4B4F-B878-AA9202D996D1}.Release|x86.ActiveCfg = Release|x86
		{A6C21C77-6301-4B4F-B878-AA9202D996D1}.Release|x86.Build.0 = Release|x86
		{F04BACFC-B804-40DD-B0B7-B66DD910A751}.Debug|Any CPU.ActiveCfg = Debug|Any CPU
		{F04BACFC-B804-40DD-B0B7-B66DD910A751}.Debug|Any CPU.Build.0 = Debug|Any CPU
		{F04BACFC-B804-40DD-B0B7-B66DD910A751}.Debug|Mixed Platforms.ActiveCfg = Debug|Any CPU
		{F04BACFC-B804-40DD-B0B7-B66DD910A751}.Debug|Mixed Platforms.Build.0 = Debug|Any CPU
		{F04BACFC-B804-40DD-B0B7-B66DD910A751}.Debug|x86.ActiveCfg = Debug|Any CPU
		{F04BACFC-B804-40DD-B0B7-B66DD910A751}.Release|Any CPU.ActiveCfg = Release|Any CPU
		{F04BACFC-B804-40DD-B0B7-B66DD910A751}.Release|Any CPU.Build.0 = Release|Any CPU
		{F04BACFC-B804-40DD-B0B7-B66DD910A751}.Release|Mixed Platforms.ActiveCfg = Release|Any CPU
		{F04BACFC-B804-40DD-B0B7-B66DD910A751}.Release|Mixed Platforms.Build.0 = Release|Any CPU
		{F04BACFC-B804-40DD-B0B7-B66DD910A751}.Release|x86.ActiveCfg = Release|Any CPU
		{394D4097-4AF0-40AF-87D3-3FC8CCE73D13}.Debug|Any CPU.ActiveCfg = Debug|Any CPU
		{394D4097-4AF0-40AF-87D3-3FC8CCE73D13}.Debug|Any CPU.Build.0 = Debug|Any CPU
		{394D4097-4AF0-40AF-87D3-3FC8CCE73D13}.Debug|Mixed Platforms.ActiveCfg = Debug|Any CPU
		{394D4097-4AF0-40AF-87D3-3FC8CCE73D13}.Debug|Mixed Platforms.Build.0 = Debug|Any CPU
		{394D4097-4AF0-40AF-87D3-3FC8CCE73D13}.Debug|x86.ActiveCfg = Debug|Any CPU
		{394D4097-4AF0-40AF-87D3-3FC8CCE73D13}.Release|Any CPU.ActiveCfg = Release|Any CPU
		{394D4097-4AF0-40AF-87D3-3FC8CCE73D13}.Release|Any CPU.Build.0 = Release|Any CPU
		{394D4097-4AF0-40AF-87D3-3FC8CCE73D13}.Release|Mixed Platforms.ActiveCfg = Release|Any CPU
		{394D4097-4AF0-40AF-87D3-3FC8CCE73D13}.Release|Mixed Platforms.Build.0 = Release|Any CPU
		{394D4097-4AF0-40AF-87D3-3FC8CCE73D13}.Release|x86.ActiveCfg = Release|Any CPU
		{B5B0AAAA-4630-4F32-9F82-F6CE1C3CB13C}.Debug|Any CPU.ActiveCfg = Debug|Any CPU
		{B5B0AAAA-4630-4F32-9F82-F6CE1C3CB13C}.Debug|Any CPU.Build.0 = Debug|Any CPU
		{B5B0AAAA-4630-4F32-9F82-F6CE1C3CB13C}.Debug|Mixed Platforms.ActiveCfg = Debug|Any CPU
		{B5B0AAAA-4630-4F32-9F82-F6CE1C3CB13C}.Debug|Mixed Platforms.Build.0 = Debug|Any CPU
		{B5B0AAAA-4630-4F32-9F82-F6CE1C3CB13C}.Debug|x86.ActiveCfg = Debug|Any CPU
		{B5B0AAAA-4630-4F32-9F82-F6CE1C3CB13C}.Release|Any CPU.ActiveCfg = Release|Any CPU
		{B5B0AAAA-4630-4F32-9F82-F6CE1C3CB13C}.Release|Any CPU.Build.0 = Release|Any CPU
		{B5B0AAAA-4630-4F32-9F82-F6CE1C3CB13C}.Release|Mixed Platforms.ActiveCfg = Release|Any CPU
		{B5B0AAAA-4630-4F32-9F82-F6CE1C3CB13C}.Release|Mixed Platforms.Build.0 = Release|Any CPU
		{B5B0AAAA-4630-4F32-9F82-F6CE1C3CB13C}.Release|x86.ActiveCfg = Release|Any CPU
		{4F03F3A5-A2F0-42A3-BEAA-265CED7BB93A}.Debug|Any CPU.ActiveCfg = Debug|Any CPU
		{4F03F3A5-A2F0-42A3-BEAA-265CED7BB93A}.Debug|Any CPU.Build.0 = Debug|Any CPU
		{4F03F3A5-A2F0-42A3-BEAA-265CED7BB93A}.Debug|Mixed Platforms.ActiveCfg = Debug|Any CPU
		{4F03F3A5-A2F0-42A3-BEAA-265CED7BB93A}.Debug|Mixed Platforms.Build.0 = Debug|Any CPU
		{4F03F3A5-A2F0-42A3-BEAA-265CED7BB93A}.Debug|x86.ActiveCfg = Debug|Any CPU
		{4F03F3A5-A2F0-42A3-BEAA-265CED7BB93A}.Release|Any CPU.ActiveCfg = Release|Any CPU
		{4F03F3A5-A2F0-42A3-BEAA-265CED7BB93A}.Release|Any CPU.Build.0 = Release|Any CPU
		{4F03F3A5-A2F0-42A3-BEAA-265CED7BB93A}.Release|Mixed Platforms.ActiveCfg = Release|Any CPU
		{4F03F3A5-A2F0-42A3-BEAA-265CED7BB93A}.Release|Mixed Platforms.Build.0 = Release|Any CPU
		{4F03F3A5-A2F0-42A3-BEAA-265CED7BB93A}.Release|x86.ActiveCfg = Release|Any CPU
		{826DE251-A85C-4D6A-980D-68CED16C63B4}.Debug|Any CPU.ActiveCfg = Debug|x86
		{826DE251-A85C-4D6A-980D-68CED16C63B4}.Debug|Mixed Platforms.ActiveCfg = Debug|x86
		{826DE251-A85C-4D6A-980D-68CED16C63B4}.Debug|Mixed Platforms.Build.0 = Debug|x86
		{826DE251-A85C-4D6A-980D-68CED16C63B4}.Debug|x86.ActiveCfg = Debug|x86
		{826DE251-A85C-4D6A-980D-68CED16C63B4}.Debug|x86.Build.0 = Debug|x86
		{826DE251-A85C-4D6A-980D-68CED16C63B4}.Release|Any CPU.ActiveCfg = Release|x86
		{826DE251-A85C-4D6A-980D-68CED16C63B4}.Release|Mixed Platforms.ActiveCfg = Release|x86
		{826DE251-A85C-4D6A-980D-68CED16C63B4}.Release|Mixed Platforms.Build.0 = Release|x86
		{826DE251-A85C-4D6A-980D-68CED16C63B4}.Release|x86.ActiveCfg = Release|x86
		{826DE251-A85C-4D6A-980D-68CED16C63B4}.Release|x86.Build.0 = Release|x86
	EndGlobalSection
	GlobalSection(SolutionProperties) = preSolution
		HideSolutionNode = FALSE
	EndGlobalSection
	GlobalSection(SubversionScc) = preSolution
		Svn-Managed = True
		Manager = AnkhSVN - Subversion Support for Visual Studio
	EndGlobalSection
EndGlobal
